
Microsoft Visual Studio Solution File, Format Version 12.00
# Visual Studio Version 17
VisualStudioVersion = 17.9.34902.65
MinimumVisualStudioVersion = 10.0.40219.1
Project("{FAE04EC0-301F-11D3-BF4B-00C04F79EFBC}") = "TriangleTypeIdentifier", "TriangleTypeIdentifier.csproj", "{C07600FB-C895-41A7-8181-AEBC30E6FBDA}"
EndProject
Global
	GlobalSection(SolutionConfigurationPlatforms) = preSolution
		Debug|Any CPU = Debug|Any CPU
		Release|Any CPU = Release|Any CPU
	EndGlobalSection
	GlobalSection(ProjectConfigurationPlatforms) = postSolution
		{C07600FB-C895-41A7-8181-AEBC30E6FBDA}.Debug|Any CPU.ActiveCfg = Debug|Any CPU
		{C07600FB-C895-41A7-8181-AEBC30E6FBDA}.Debug|Any CPU.Build.0 = Debug|Any CPU
		{C07600FB-C895-41A7-8181-AEBC30E6FBDA}.Release|Any CPU.ActiveCfg = Release|Any CPU
		{C07600FB-C895-41A7-8181-AEBC30E6FBDA}.Release|Any CPU.Build.0 = Release|Any CPU
	EndGlobalSection
	GlobalSection(SolutionProperties) = preSolution
		HideSolutionNode = FALSE
	EndGlobalSection
	GlobalSection(ExtensibilityGlobals) = postSolution
		SolutionGuid = {4FAEB5EA-AF67-4CB0-9F2B-834F3CFDD7C0}
	EndGlobalSection
EndGlobal
